// !$*UTF8*$!
{
	archiveVersion = 1;
	classes = {
	};
	objectVersion = 50;
	objects = {

/* Begin PBXBuildFile section */
		A851288D2602447A00471E63 /* AppDelegate.swift in Sources */ = {isa = PBXBuildFile; fileRef = A851288C2602447A00471E63 /* AppDelegate.swift */; };
		A854BA1D2592F35B003960BC /* turtlerock.jpg in Resources */ = {isa = PBXBuildFile; fileRef = A854BA1C2592F35B003960BC /* turtlerock.jpg */; };
		A854BA202592F405003960BC /* CircleImage.swift in Sources */ = {isa = PBXBuildFile; fileRef = A854BA1F2592F405003960BC /* CircleImage.swift */; };
		A854BA242592F5E7003960BC /* MapView.swift in Sources */ = {isa = PBXBuildFile; fileRef = A854BA232592F5E7003960BC /* MapView.swift */; };
		A854BA2A2592FD77003960BC /* Landmark.swift in Sources */ = {isa = PBXBuildFile; fileRef = A854BA292592FD77003960BC /* Landmark.swift */; };
		A854BA372592FDC6003960BC /* hiddenlake.jpg in Resources */ = {isa = PBXBuildFile; fileRef = A854BA2C2592FDC5003960BC /* hiddenlake.jpg */; };
		A854BA382592FDC6003960BC /* stmarylake.jpg in Resources */ = {isa = PBXBuildFile; fileRef = A854BA2D2592FDC5003960BC /* stmarylake.jpg */; };
		A854BA392592FDC6003960BC /* icybay.jpg in Resources */ = {isa = PBXBuildFile; fileRef = A854BA2E2592FDC5003960BC /* icybay.jpg */; };
		A854BA3A2592FDC6003960BC /* twinlake.jpg in Resources */ = {isa = PBXBuildFile; fileRef = A854BA2F2592FDC5003960BC /* twinlake.jpg */; };
		A854BA3B2592FDC6003960BC /* lakemcdonald.jpg in Resources */ = {isa = PBXBuildFile; fileRef = A854BA302592FDC5003960BC /* lakemcdonald.jpg */; };
		A854BA3C2592FDC6003960BC /* umbagog.jpg in Resources */ = {isa = PBXBuildFile; fileRef = A854BA312592FDC5003960BC /* umbagog.jpg */; };
		A854BA3D2592FDC6003960BC /* silversalmoncreek.jpg in Resources */ = {isa = PBXBuildFile; fileRef = A854BA322592FDC5003960BC /* silversalmoncreek.jpg */; };
		A854BA3E2592FDC6003960BC /* yukon_charleyrivers.jpg in Resources */ = {isa = PBXBuildFile; fileRef = A854BA332592FDC6003960BC /* yukon_charleyrivers.jpg */; };
		A854BA3F2592FDC6003960BC /* chilkoottrail.jpg in Resources */ = {isa = PBXBuildFile; fileRef = A854BA342592FDC6003960BC /* chilkoottrail.jpg */; };
		A854BA402592FDC6003960BC /* rainbowlake.jpg in Resources */ = {isa = PBXBuildFile; fileRef = A854BA352592FDC6003960BC /* rainbowlake.jpg */; };
		A854BA412592FDC6003960BC /* chincoteague.jpg in Resources */ = {isa = PBXBuildFile; fileRef = A854BA362592FDC6003960BC /* chincoteague.jpg */; };
		A854BA4A25930028003960BC /* LandmarkRow.swift in Sources */ = {isa = PBXBuildFile; fileRef = A854BA4925930028003960BC /* LandmarkRow.swift */; };
		A854BA5025930538003960BC /* landmarkData.json in Resources */ = {isa = PBXBuildFile; fileRef = A854BA4F25930538003960BC /* landmarkData.json */; };
		A854BA5325930554003960BC /* LandmarkList.swift in Sources */ = {isa = PBXBuildFile; fileRef = A854BA5225930554003960BC /* LandmarkList.swift */; };
		A87187DC2593259500A98B32 /* LandmarkData.swift in Sources */ = {isa = PBXBuildFile; fileRef = A87187DB2593259500A98B32 /* LandmarkData.swift */; };
		A87187E02593286E00A98B32 /* LandmarkDetail.swift in Sources */ = {isa = PBXBuildFile; fileRef = A87187DF2593286E00A98B32 /* LandmarkDetail.swift */; };
		A87187E32593412500A98B32 /* charleyrivers@2x.jpg in Resources */ = {isa = PBXBuildFile; fileRef = A87187E22593412500A98B32 /* charleyrivers@2x.jpg */; };
		A87187E6259345F800A98B32 /* FavoriteButton.swift in Sources */ = {isa = PBXBuildFile; fileRef = A87187E5259345F800A98B32 /* FavoriteButton.swift */; };
		A87187E9259370DE00A98B32 /* HexagonParameters.swift in Sources */ = {isa = PBXBuildFile; fileRef = A87187E8259370DE00A98B32 /* HexagonParameters.swift */; };
		A87187EC2593720500A98B32 /* BadgeBackground.swift in Sources */ = {isa = PBXBuildFile; fileRef = A87187EB2593720500A98B32 /* BadgeBackground.swift */; };
		A87187EF259388F700A98B32 /* BadgeSymbol.swift in Sources */ = {isa = PBXBuildFile; fileRef = A87187EE259388F700A98B32 /* BadgeSymbol.swift */; };
		A87187F2259389CB00A98B32 /* RotatedBadgeSymbol.swift in Sources */ = {isa = PBXBuildFile; fileRef = A87187F1259389CB00A98B32 /* RotatedBadgeSymbol.swift */; };
		A87187F525938A4B00A98B32 /* Badge.swift in Sources */ = {isa = PBXBuildFile; fileRef = A87187F425938A4B00A98B32 /* Badge.swift */; };
		A88B6972255A5BB900BA16A9 /* HelloSwiftUIApp.swift in Sources */ = {isa = PBXBuildFile; fileRef = A88B6971255A5BB900BA16A9 /* HelloSwiftUIApp.swift */; };
		A88B6974255A5BB900BA16A9 /* ContentView.swift in Sources */ = {isa = PBXBuildFile; fileRef = A88B6973255A5BB900BA16A9 /* ContentView.swift */; };
		A88B6976255A5BBC00BA16A9 /* Assets.xcassets in Resources */ = {isa = PBXBuildFile; fileRef = A88B6975255A5BBC00BA16A9 /* Assets.xcassets */; };
		A88B6979255A5BBC00BA16A9 /* Preview Assets.xcassets in Resources */ = {isa = PBXBuildFile; fileRef = A88B6978255A5BBC00BA16A9 /* Preview Assets.xcassets */; };
/* End PBXBuildFile section */

/* Begin PBXFileReference section */
		A851288C2602447A00471E63 /* AppDelegate.swift */ = {isa = PBXFileReference; fileEncoding = 4; lastKnownFileType = sourcecode.swift; path = AppDelegate.swift; sourceTree = "<group>"; };
		A854BA1C2592F35B003960BC /* turtlerock.jpg */ = {isa = PBXFileReference; lastKnownFileType = image.jpeg; path = turtlerock.jpg; sourceTree = "<group>"; };
		A854BA1F2592F405003960BC /* CircleImage.swift */ = {isa = PBXFileReference; lastKnownFileType = sourcecode.swift; path = CircleImage.swift; sourceTree = "<group>"; };
		A854BA232592F5E7003960BC /* MapView.swift */ = {isa = PBXFileReference; lastKnownFileType = sourcecode.swift; path = MapView.swift; sourceTree = "<group>"; };
		A854BA292592FD77003960BC /* Landmark.swift */ = {isa = PBXFileReference; lastKnownFileType = sourcecode.swift; path = Landmark.swift; sourceTree = "<group>"; };
		A854BA2C2592FDC5003960BC /* hiddenlake.jpg */ = {isa = PBXFileReference; lastKnownFileType = image.jpeg; path = hiddenlake.jpg; sourceTree = "<group>"; };
		A854BA2D2592FDC5003960BC /* stmarylake.jpg */ = {isa = PBXFileReference; lastKnownFileType = image.jpeg; path = stmarylake.jpg; sourceTree = "<group>"; };
		A854BA2E2592FDC5003960BC /* icybay.jpg */ = {isa = PBXFileReference; lastKnownFileType = image.jpeg; path = icybay.jpg; sourceTree = "<group>"; };
		A854BA2F2592FDC5003960BC /* twinlake.jpg */ = {isa = PBXFileReference; lastKnownFileType = image.jpeg; path = twinlake.jpg; sourceTree = "<group>"; };
		A854BA302592FDC5003960BC /* lakemcdonald.jpg */ = {isa = PBXFileReference; lastKnownFileType = image.jpeg; path = lakemcdonald.jpg; sourceTree = "<group>"; };
		A854BA312592FDC5003960BC /* umbagog.jpg */ = {isa = PBXFileReference; lastKnownFileType = image.jpeg; path = umbagog.jpg; sourceTree = "<group>"; };
		A854BA322592FDC5003960BC /* silversalmoncreek.jpg */ = {isa = PBXFileReference; lastKnownFileType = image.jpeg; path = silversalmoncreek.jpg; sourceTree = "<group>"; };
		A854BA332592FDC6003960BC /* yukon_charleyrivers.jpg */ = {isa = PBXFileReference; lastKnownFileType = image.jpeg; path = yukon_charleyrivers.jpg; sourceTree = "<group>"; };
		A854BA342592FDC6003960BC /* chilkoottrail.jpg */ = {isa = PBXFileReference; lastKnownFileType = image.jpeg; path = chilkoottrail.jpg; sourceTree = "<group>"; };
		A854BA352592FDC6003960BC /* rainbowlake.jpg */ = {isa = PBXFileReference; lastKnownFileType = image.jpeg; path = rainbowlake.jpg; sourceTree = "<group>"; };
		A854BA362592FDC6003960BC /* chincoteague.jpg */ = {isa = PBXFileReference; lastKnownFileType = image.jpeg; path = chincoteague.jpg; sourceTree = "<group>"; };
		A854BA4925930028003960BC /* LandmarkRow.swift */ = {isa = PBXFileReference; lastKnownFileType = sourcecode.swift; path = LandmarkRow.swift; sourceTree = "<group>"; };
		A854BA4F25930538003960BC /* landmarkData.json */ = {isa = PBXFileReference; fileEncoding = 4; lastKnownFileType = text.json; path = landmarkData.json; sourceTree = "<group>"; };
		A854BA5225930554003960BC /* LandmarkList.swift */ = {isa = PBXFileReference; lastKnownFileType = sourcecode.swift; path = LandmarkList.swift; sourceTree = "<group>"; };
		A87187DB2593259500A98B32 /* LandmarkData.swift */ = {isa = PBXFileReference; lastKnownFileType = sourcecode.swift; path = LandmarkData.swift; sourceTree = "<group>"; };
		A87187DF2593286E00A98B32 /* LandmarkDetail.swift */ = {isa = PBXFileReference; lastKnownFileType = sourcecode.swift; path = LandmarkDetail.swift; sourceTree = "<group>"; };
		A87187E22593412500A98B32 /* charleyrivers@2x.jpg */ = {isa = PBXFileReference; lastKnownFileType = image.jpeg; path = "charleyrivers@2x.jpg"; sourceTree = "<group>"; };
		A87187E5259345F800A98B32 /* FavoriteButton.swift */ = {isa = PBXFileReference; lastKnownFileType = sourcecode.swift; path = FavoriteButton.swift; sourceTree = "<group>"; };
		A87187E8259370DE00A98B32 /* HexagonParameters.swift */ = {isa = PBXFileReference; lastKnownFileType = sourcecode.swift; path = HexagonParameters.swift; sourceTree = "<group>"; };
		A87187EB2593720500A98B32 /* BadgeBackground.swift */ = {isa = PBXFileReference; lastKnownFileType = sourcecode.swift; path = BadgeBackground.swift; sourceTree = "<group>"; };
		A87187EE259388F700A98B32 /* BadgeSymbol.swift */ = {isa = PBXFileReference; lastKnownFileType = sourcecode.swift; path = BadgeSymbol.swift; sourceTree = "<group>"; };
		A87187F1259389CB00A98B32 /* RotatedBadgeSymbol.swift */ = {isa = PBXFileReference; lastKnownFileType = sourcecode.swift; path = RotatedBadgeSymbol.swift; sourceTree = "<group>"; };
		A87187F425938A4B00A98B32 /* Badge.swift */ = {isa = PBXFileReference; lastKnownFileType = sourcecode.swift; path = Badge.swift; sourceTree = "<group>"; };
		A88B696E255A5BB900BA16A9 /* HelloSwiftUI.app */ = {isa = PBXFileReference; explicitFileType = wrapper.application; includeInIndex = 0; path = HelloSwiftUI.app; sourceTree = BUILT_PRODUCTS_DIR; };
		A88B6971255A5BB900BA16A9 /* HelloSwiftUIApp.swift */ = {isa = PBXFileReference; lastKnownFileType = sourcecode.swift; path = HelloSwiftUIApp.swift; sourceTree = "<group>"; };
		A88B6973255A5BB900BA16A9 /* ContentView.swift */ = {isa = PBXFileReference; lastKnownFileType = sourcecode.swift; path = ContentView.swift; sourceTree = "<group>"; };
		A88B6975255A5BBC00BA16A9 /* Assets.xcassets */ = {isa = PBXFileReference; lastKnownFileType = folder.assetcatalog; path = Assets.xcassets; sourceTree = "<group>"; };
		A88B6978255A5BBC00BA16A9 /* Preview Assets.xcassets */ = {isa = PBXFileReference; lastKnownFileType = folder.assetcatalog; path = "Preview Assets.xcassets"; sourceTree = "<group>"; };
		A88B697A255A5BBC00BA16A9 /* Info.plist */ = {isa = PBXFileReference; lastKnownFileType = text.plist.xml; path = Info.plist; sourceTree = "<group>"; };
/* End PBXFileReference section */

/* Begin PBXFrameworksBuildPhase section */
		A88B696B255A5BB900BA16A9 /* Frameworks */ = {
			isa = PBXFrameworksBuildPhase;
			buildActionMask = 2147483647;
			files = (
			);
			runOnlyForDeploymentPostprocessing = 0;
		};
/* End PBXFrameworksBuildPhase section */

/* Begin PBXGroup section */
		A854BA1B2592F315003960BC /* Resources */ = {
			isa = PBXGroup;
			children = (
				A87187E22593412500A98B32 /* charleyrivers@2x.jpg */,
				A854BA4F25930538003960BC /* landmarkData.json */,
				A854BA342592FDC6003960BC /* chilkoottrail.jpg */,
				A854BA362592FDC6003960BC /* chincoteague.jpg */,
				A854BA2C2592FDC5003960BC /* hiddenlake.jpg */,
				A854BA2E2592FDC5003960BC /* icybay.jpg */,
				A854BA302592FDC5003960BC /* lakemcdonald.jpg */,
				A854BA352592FDC6003960BC /* rainbowlake.jpg */,
				A854BA322592FDC5003960BC /* silversalmoncreek.jpg */,
				A854BA2D2592FDC5003960BC /* stmarylake.jpg */,
				A854BA2F2592FDC5003960BC /* twinlake.jpg */,
				A854BA312592FDC5003960BC /* umbagog.jpg */,
				A854BA332592FDC6003960BC /* yukon_charleyrivers.jpg */,
				A854BA1C2592F35B003960BC /* turtlerock.jpg */,
			);
			path = Resources;
			sourceTree = "<group>";
		};
		A854BA472592FFAF003960BC /* Views */ = {
			isa = PBXGroup;
			children = (
				A88B6973255A5BB900BA16A9 /* ContentView.swift */,
				A854BA1F2592F405003960BC /* CircleImage.swift */,
				A854BA232592F5E7003960BC /* MapView.swift */,
				A854BA4925930028003960BC /* LandmarkRow.swift */,
				A854BA5225930554003960BC /* LandmarkList.swift */,
				A87187DF2593286E00A98B32 /* LandmarkDetail.swift */,
				A87187E5259345F800A98B32 /* FavoriteButton.swift */,
				A87187EB2593720500A98B32 /* BadgeBackground.swift */,
				A87187EE259388F700A98B32 /* BadgeSymbol.swift */,
				A87187F1259389CB00A98B32 /* RotatedBadgeSymbol.swift */,
				A87187F425938A4B00A98B32 /* Badge.swift */,
			);
			path = Views;
			sourceTree = "<group>";
		};
		A854BA482592FFB5003960BC /* Models */ = {
			isa = PBXGroup;
			children = (
				A854BA292592FD77003960BC /* Landmark.swift */,
				A87187DB2593259500A98B32 /* LandmarkData.swift */,
				A87187E8259370DE00A98B32 /* HexagonParameters.swift */,
			);
			path = Models;
			sourceTree = "<group>";
		};
		A88B6965255A5BB900BA16A9 = {
			isa = PBXGroup;
			children = (
				A88B6970255A5BB900BA16A9 /* HelloSwiftUI */,
				A88B696F255A5BB900BA16A9 /* Products */,
			);
			sourceTree = "<group>";
		};
		A88B696F255A5BB900BA16A9 /* Products */ = {
			isa = PBXGroup;
			children = (
				A88B696E255A5BB900BA16A9 /* HelloSwiftUI.app */,
			);
			name = Products;
			sourceTree = "<group>";
		};
		A88B6970255A5BB900BA16A9 /* HelloSwiftUI */ = {
			isa = PBXGroup;
			children = (
				A851288C2602447A00471E63 /* AppDelegate.swift */,
				A854BA482592FFB5003960BC /* Models */,
				A854BA472592FFAF003960BC /* Views */,
				A854BA1B2592F315003960BC /* Resources */,
				A88B6971255A5BB900BA16A9 /* HelloSwiftUIApp.swift */,
				A88B6975255A5BBC00BA16A9 /* Assets.xcassets */,
				A88B697A255A5BBC00BA16A9 /* Info.plist */,
				A88B6977255A5BBC00BA16A9 /* Preview Content */,
			);
			path = HelloSwiftUI;
			sourceTree = "<group>";
		};
		A88B6977255A5BBC00BA16A9 /* Preview Content */ = {
			isa = PBXGroup;
			children = (
				A88B6978255A5BBC00BA16A9 /* Preview Assets.xcassets */,
			);
			path = "Preview Content";
			sourceTree = "<group>";
		};
/* End PBXGroup section */

/* Begin PBXNativeTarget section */
		A88B696D255A5BB900BA16A9 /* HelloSwiftUI */ = {
			isa = PBXNativeTarget;
			buildConfigurationList = A88B697D255A5BBC00BA16A9 /* Build configuration list for PBXNativeTarget "HelloSwiftUI" */;
			buildPhases = (
				A88B696A255A5BB900BA16A9 /* Sources */,
				A88B696B255A5BB900BA16A9 /* Frameworks */,
				A88B696C255A5BB900BA16A9 /* Resources */,
			);
			buildRules = (
			);
			dependencies = (
			);
			name = HelloSwiftUI;
			productName = HelloSwiftUI;
			productReference = A88B696E255A5BB900BA16A9 /* HelloSwiftUI.app */;
			productType = "com.apple.product-type.application";
		};
/* End PBXNativeTarget section */

/* Begin PBXProject section */
		A88B6966255A5BB900BA16A9 /* Project object */ = {
			isa = PBXProject;
			attributes = {
				LastSwiftUpdateCheck = 1220;
				LastUpgradeCheck = 1220;
				TargetAttributes = {
					A88B696D255A5BB900BA16A9 = {
						CreatedOnToolsVersion = 12.2;
					};
				};
			};
			buildConfigurationList = A88B6969255A5BB900BA16A9 /* Build configuration list for PBXProject "HelloSwiftUI" */;
			compatibilityVersion = "Xcode 9.3";
			developmentRegion = en;
			hasScannedForEncodings = 0;
			knownRegions = (
				en,
				Base,
			);
			mainGroup = A88B6965255A5BB900BA16A9;
			productRefGroup = A88B696F255A5BB900BA16A9 /* Products */;
			projectDirPath = "";
			projectRoot = "";
			targets = (
				A88B696D255A5BB900BA16A9 /* HelloSwiftUI */,
			);
		};
/* End PBXProject section */

/* Begin PBXResourcesBuildPhase section */
		A88B696C255A5BB900BA16A9 /* Resources */ = {
			isa = PBXResourcesBuildPhase;
			buildActionMask = 2147483647;
			files = (
				A87187E32593412500A98B32 /* charleyrivers@2x.jpg in Resources */,
				A854BA382592FDC6003960BC /* stmarylake.jpg in Resources */,
				A88B6979255A5BBC00BA16A9 /* Preview Assets.xcassets in Resources */,
				A854BA3A2592FDC6003960BC /* twinlake.jpg in Resources */,
				A854BA3B2592FDC6003960BC /* lakemcdonald.jpg in Resources */,
				A854BA3C2592FDC6003960BC /* umbagog.jpg in Resources */,
				A854BA3F2592FDC6003960BC /* chilkoottrail.jpg in Resources */,
				A854BA402592FDC6003960BC /* rainbowlake.jpg in Resources */,
				A88B6976255A5BBC00BA16A9 /* Assets.xcassets in Resources */,
				A854BA5025930538003960BC /* landmarkData.json in Resources */,
				A854BA412592FDC6003960BC /* chincoteague.jpg in Resources */,
				A854BA372592FDC6003960BC /* hiddenlake.jpg in Resources */,
				A854BA3D2592FDC6003960BC /* silversalmoncreek.jpg in Resources */,
				A854BA392592FDC6003960BC /* icybay.jpg in Resources */,
				A854BA3E2592FDC6003960BC /* yukon_charleyrivers.jpg in Resources */,
				A854BA1D2592F35B003960BC /* turtlerock.jpg in Resources */,
			);
			runOnlyForDeploymentPostprocessing = 0;
		};
/* End PBXResourcesBuildPhase section */

/* Begin PBXSourcesBuildPhase section */
		A88B696A255A5BB900BA16A9 /* Sources */ = {
			isa = PBXSourcesBuildPhase;
			buildActionMask = 2147483647;
			files = (
				A88B6974255A5BB900BA16A9 /* ContentView.swift in Sources */,
				A87187F525938A4B00A98B32 /* Badge.swift in Sources */,
				A87187DC2593259500A98B32 /* LandmarkData.swift in Sources */,
				A854BA242592F5E7003960BC /* MapView.swift in Sources */,
				A87187E6259345F800A98B32 /* FavoriteButton.swift in Sources */,
				A87187E9259370DE00A98B32 /* HexagonParameters.swift in Sources */,
				A87187F2259389CB00A98B32 /* RotatedBadgeSymbol.swift in Sources */,
				A87187EF259388F700A98B32 /* BadgeSymbol.swift in Sources */,
				A851288D2602447A00471E63 /* AppDelegate.swift in Sources */,
				A88B6972255A5BB900BA16A9 /* HelloSwiftUIApp.swift in Sources */,
				A87187E02593286E00A98B32 /* LandmarkDetail.swift in Sources */,
				A87187EC2593720500A98B32 /* BadgeBackground.swift in Sources */,
				A854BA5325930554003960BC /* LandmarkList.swift in Sources */,
				A854BA202592F405003960BC /* CircleImage.swift in Sources */,
				A854BA2A2592FD77003960BC /* Landmark.swift in Sources */,
				A854BA4A25930028003960BC /* LandmarkRow.swift in Sources */,
			);
			runOnlyForDeploymentPostprocessing = 0;
		};
/* End PBXSourcesBuildPhase section */

/* Begin XCBuildConfiguration section */
		A88B697B255A5BBC00BA16A9 /* Debug */ = {
			isa = XCBuildConfiguration;
			buildSettings = {
				ALWAYS_SEARCH_USER_PATHS = NO;
				CLANG_ANALYZER_NONNULL = YES;
				CLANG_ANALYZER_NUMBER_OBJECT_CONVERSION = YES_AGGRESSIVE;
				CLANG_CXX_LANGUAGE_STANDARD = "gnu++14";
				CLANG_CXX_LIBRARY = "libc++";
				CLANG_ENABLE_MODULES = YES;
				CLANG_ENABLE_OBJC_ARC = YES;
				CLANG_ENABLE_OBJC_WEAK = YES;
				CLANG_WARN_BLOCK_CAPTURE_AUTORELEASING = YES;
				CLANG_WARN_BOOL_CONVERSION = YES;
				CLANG_WARN_COMMA = YES;
				CLANG_WARN_CONSTANT_CONVERSION = YES;
				CLANG_WARN_DEPRECATED_OBJC_IMPLEMENTATIONS = YES;
				CLANG_WARN_DIRECT_OBJC_ISA_USAGE = YES_ERROR;
				CLANG_WARN_DOCUMENTATION_COMMENTS = YES;
				CLANG_WARN_EMPTY_BODY = YES;
				CLANG_WARN_ENUM_CONVERSION = YES;
				CLANG_WARN_INFINITE_RECURSION = YES;
				CLANG_WARN_INT_CONVERSION = YES;
				CLANG_WARN_NON_LITERAL_NULL_CONVERSION = YES;
				CLANG_WARN_OBJC_IMPLICIT_RETAIN_SELF = YES;
				CLANG_WARN_OBJC_LITERAL_CONVERSION = YES;
				CLANG_WARN_OBJC_ROOT_CLASS = YES_ERROR;
				CLANG_WARN_QUOTED_INCLUDE_IN_FRAMEWORK_HEADER = YES;
				CLANG_WARN_RANGE_LOOP_ANALYSIS = YES;
				CLANG_WARN_STRICT_PROTOTYPES = YES;
				CLANG_WARN_SUSPICIOUS_MOVE = YES;
				CLANG_WARN_UNGUARDED_AVAILABILITY = YES_AGGRESSIVE;
				CLANG_WARN_UNREACHABLE_CODE = YES;
				CLANG_WARN__DUPLICATE_METHOD_MATCH = YES;
				COPY_PHASE_STRIP = NO;
				DEBUG_INFORMATION_FORMAT = dwarf;
				ENABLE_STRICT_OBJC_MSGSEND = YES;
				ENABLE_TESTABILITY = YES;
				GCC_C_LANGUAGE_STANDARD = gnu11;
				GCC_DYNAMIC_NO_PIC = NO;
				GCC_NO_COMMON_BLOCKS = YES;
				GCC_OPTIMIZATION_LEVEL = 0;
				GCC_PREPROCESSOR_DEFINITIONS = (
					"DEBUG=1",
					"$(inherited)",
				);
				GCC_WARN_64_TO_32_BIT_CONVERSION = YES;
				GCC_WARN_ABOUT_RETURN_TYPE = YES_ERROR;
				GCC_WARN_UNDECLARED_SELECTOR = YES;
				GCC_WARN_UNINITIALIZED_AUTOS = YES_AGGRESSIVE;
				GCC_WARN_UNUSED_FUNCTION = YES;
				GCC_WARN_UNUSED_VARIABLE = YES;
				IPHONEOS_DEPLOYMENT_TARGET = 14.2;
				MTL_ENABLE_DEBUG_INFO = INCLUDE_SOURCE;
				MTL_FAST_MATH = YES;
				ONLY_ACTIVE_ARCH = YES;
				SDKROOT = iphoneos;
				SWIFT_ACTIVE_COMPILATION_CONDITIONS = DEBUG;
				SWIFT_OPTIMIZATION_LEVEL = "-Onone";
			};
			name = Debug;
		};
		A88B697C255A5BBC00BA16A9 /* Release */ = {
			isa = XCBuildConfiguration;
			buildSettings = {
				ALWAYS_SEARCH_USER_PATHS = NO;
				CLANG_ANALYZER_NONNULL = YES;
				CLANG_ANALYZER_NUMBER_OBJECT_CONVERSION = YES_AGGRESSIVE;
				CLANG_CXX_LANGUAGE_STANDARD = "gnu++14";
				CLANG_CXX_LIBRARY = "libc++";
				CLANG_ENABLE_MODULES = YES;
				CLANG_ENABLE_OBJC_ARC = YES;
				CLANG_ENABLE_OBJC_WEAK = YES;
				CLANG_WARN_BLOCK_CAPTURE_AUTORELEASING = YES;
				CLANG_WARN_BOOL_CONVERSION = YES;
				CLANG_WARN_COMMA = YES;
				CLANG_WARN_CONSTANT_CONVERSION = YES;
				CLANG_WARN_DEPRECATED_OBJC_IMPLEMENTATIONS = YES;
				CLANG_WARN_DIRECT_OBJC_ISA_USAGE = YES_ERROR;
				CLANG_WARN_DOCUMENTATION_COMMENTS = YES;
				CLANG_WARN_EMPTY_BODY = YES;
				CLANG_WARN_ENUM_CONVERSION = YES;
				CLANG_WARN_INFINITE_RECURSION = YES;
				CLANG_WARN_INT_CONVERSION = YES;
				CLANG_WARN_NON_LITERAL_NULL_CONVERSION = YES;
				CLANG_WARN_OBJC_IMPLICIT_RETAIN_SELF = YES;
				CLANG_WARN_OBJC_LITERAL_CONVERSION = YES;
				CLANG_WARN_OBJC_ROOT_CLASS = YES_ERROR;
				CLANG_WARN_QUOTED_INCLUDE_IN_FRAMEWORK_HEADER = YES;
				CLANG_WARN_RANGE_LOOP_ANALYSIS = YES;
				CLANG_WARN_STRICT_PROTOTYPES = YES;
				CLANG_WARN_SUSPICIOUS_MOVE = YES;
				CLANG_WARN_UNGUARDED_AVAILABILITY = YES_AGGRESSIVE;
				CLANG_WARN_UNREACHABLE_CODE = YES;
				CLANG_WARN__DUPLICATE_METHOD_MATCH = YES;
				COPY_PHASE_STRIP = NO;
				DEBUG_INFORMATION_FORMAT = "dwarf-with-dsym";
				ENABLE_NS_ASSERTIONS = NO;
				ENABLE_STRICT_OBJC_MSGSEND = YES;
				GCC_C_LANGUAGE_STANDARD = gnu11;
				GCC_NO_COMMON_BLOCKS = YES;
				GCC_WARN_64_TO_32_BIT_CONVERSION = YES;
				GCC_WARN_ABOUT_RETURN_TYPE = YES_ERROR;
				GCC_WARN_UNDECLARED_SELECTOR = YES;
				GCC_WARN_UNINITIALIZED_AUTOS = YES_AGGRESSIVE;
				GCC_WARN_UNUSED_FUNCTION = YES;
				GCC_WARN_UNUSED_VARIABLE = YES;
				IPHONEOS_DEPLOYMENT_TARGET = 14.2;
				MTL_ENABLE_DEBUG_INFO = NO;
				MTL_FAST_MATH = YES;
				SDKROOT = iphoneos;
				SWIFT_COMPILATION_MODE = wholemodule;
				SWIFT_OPTIMIZATION_LEVEL = "-O";
				VALIDATE_PRODUCT = YES;
			};
			name = Release;
		};
		A88B697E255A5BBC00BA16A9 /* Debug */ = {
			isa = XCBuildConfiguration;
			buildSettings = {
				ASSETCATALOG_COMPILER_APPICON_NAME = AppIcon;
				ASSETCATALOG_COMPILER_GLOBAL_ACCENT_COLOR_NAME = AccentColor;
				CODE_SIGN_STYLE = Automatic;
				DEVELOPMENT_ASSET_PATHS = "\"HelloSwiftUI/Preview Content\"";
				ENABLE_PREVIEWS = YES;
				INFOPLIST_FILE = HelloSwiftUI/Info.plist;
				IPHONEOS_DEPLOYMENT_TARGET = 14.0;
				LD_RUNPATH_SEARCH_PATHS = (
					"$(inherited)",
					"@executable_path/Frameworks",
				);
				PRODUCT_BUNDLE_IDENTIFIER = "Big-Foot-Software.HelloSwiftUI";
				PRODUCT_NAME = "$(TARGET_NAME)";
				SWIFT_VERSION = 5.0;
				TARGETED_DEVICE_FAMILY = "1,2";
			};
			name = Debug;
		};
		A88B697F255A5BBC00BA16A9 /* Release */ = {
			isa = XCBuildConfiguration;
			buildSettings = {
				ASSETCATALOG_COMPILER_APPICON_NAME = AppIcon;
				ASSETCATALOG_COMPILER_GLOBAL_ACCENT_COLOR_NAME = AccentColor;
				CODE_SIGN_STYLE = Automatic;
				DEVELOPMENT_ASSET_PATHS = "\"HelloSwiftUI/Preview Content\"";
				ENABLE_PREVIEWS = YES;
				INFOPLIST_FILE = HelloSwiftUI/Info.plist;
				IPHONEOS_DEPLOYMENT_TARGET = 14.0;
				LD_RUNPATH_SEARCH_PATHS = (
					"$(inherited)",
					"@executable_path/Frameworks",
				);
				PRODUCT_BUNDLE_IDENTIFIER = "Big-Foot-Software.HelloSwiftUI";
				PRODUCT_NAME = "$(TARGET_NAME)";
				SWIFT_VERSION = 5.0;
				TARGETED_DEVICE_FAMILY = "1,2";
			};
			name = Release;
		};
/* End XCBuildConfiguration section */

/* Begin XCConfigurationList section */
		A88B6969255A5BB900BA16A9 /* Build configuration list for PBXProject "HelloSwiftUI" */ = {
			isa = XCConfigurationList;
			buildConfigurations = (
				A88B697B255A5BBC00BA16A9 /* Debug */,
				A88B697C255A5BBC00BA16A9 /* Release */,
			);
			defaultConfigurationIsVisible = 0;
			defaultConfigurationName = Release;
		};
		A88B697D255A5BBC00BA16A9 /* Build configuration list for PBXNativeTarget "HelloSwiftUI" */ = {
			isa = XCConfigurationList;
			buildConfigurations = (
				A88B697E255A5BBC00BA16A9 /* Debug */,
				A88B697F255A5BBC00BA16A9 /* Release */,
			);
			defaultConfigurationIsVisible = 0;
			defaultConfigurationName = Release;
		};
/* End XCConfigurationList section */
	};
	rootObject = A88B6966255A5BB900BA16A9 /* Project object */;
}
